hash: 42b55683411b50c68628d0783e08ca26f340a5097a458aa395688a57fffb9916
updated: 2017-07-07T21:17:45.671083076+02:00
imports:
- name: github.com/disintegration/imaging
  version: 243d2d8673c1225a6afceeb9b3b4423d485dc8df
- name: github.com/go-ini/ini
  version: 98c45284d68a05a0e0a576de574bd975946ef9ad
- name: github.com/stretchr/testify
  version: 69483b4bd14f5845b5a1e55bca19e954e827f1d0
- name: github.com/xor-gate/goexif2
  version: f00bf380483f8b9fdcb73f8acee158e780166c4b
  subpackages:
  - exif
  - tiff
- name: golang.org/x/image
  version: 426cfd8eeb6e08ab1932954e09e3c2cb2bc6e36d
  subpackages:
  - bmp
  - tiff
  - tiff/lzw
testImports: []
