# This file is autogenerated, do not edit; changes may be undone by the next 'dep ensure'.


[[projects]]
  name = "github.com/davecgh/go-spew"
  packages = ["spew"]
  revision = "8991bc29aa16c548c550c7ff78260e27b9ab7c73"
  version = "v1.1.1"

[[projects]]
  name = "github.com/disintegration/imaging"
  packages = ["."]
  revision = "243d2d8673c1225a6afceeb9b3b4423d485dc8df"
  version = "v1.0.0"

[[projects]]
  name = "github.com/go-ini/ini"
  packages = ["."]
  revision = "98c45284d68a05a0e0a576de574bd975946ef9ad"
  version = "v1.25.5"

[[projects]]
  name = "github.com/pixiv/go-libjpeg"
  packages = ["jpeg","rgb"]
  revision = "c49be700eba7cab5904c763ae8f0a0e2c5786c35"
  version = "v0.2"

[[projects]]
  name = "github.com/pmezard/go-difflib"
  packages = ["difflib"]
  revision = "792786c7400a136282c1664665ae0a8db921c6c2"
  version = "v1.0.0"

[[projects]]
  name = "github.com/stretchr/testify"
  packages = ["assert","require"]
  revision = "69483b4bd14f5845b5a1e55bca19e954e827f1d0"
  version = "v1.1.4"

[[projects]]
  name = "github.com/xor-gate/goexif2"
  packages = ["exif","tiff"]
  revision = "f00bf380483f8b9fdcb73f8acee158e780166c4b"
  version = "v1.0.0"

[[projects]]
  name = "golang.org/x/image"
  packages = ["bmp","tiff","tiff/lzw"]
  revision = "426cfd8eeb6e08ab1932954e09e3c2cb2bc6e36d"

[solve-meta]
  analyzer-name = "dep"
  analyzer-version = 1
  inputs-digest = "24272a5fffe651317dfccd3a54a8784503968e77245cbe08b0bdff7f9a39a67a"
  solver-name = "gps-cdcl"
  solver-version = 1
